// !$*UTF8*$!
{
	archiveVersion = 1;
	classes = {
	};
	objectVersion = 46;
	objects = {

/* Begin PBXBuildFile section */
		BC9D775D1C6E9ADC0045AD06 /* main.m in Sources */ = {isa = PBXBuildFile; fileRef = BC9D775C1C6E9ADC0045AD06 /* main.m */; };
		BC9D77651C6E9AF40045AD06 /* Customer.m in Sources */ = {isa = PBXBuildFile; fileRef = BC9D77641C6E9AF40045AD06 /* Customer.m */; };
		BC9D776A1C6EC4430045AD06 /* Account.m in Sources */ = {isa = PBXBuildFile; fileRef = BC9D77691C6EC4430045AD06 /* Account.m */; };
/* End PBXBuildFile section */

/* Begin PBXCopyFilesBuildPhase section */
		BC9D77571C6E9ADC0045AD06 /* CopyFiles */ = {
			isa = PBXCopyFilesBuildPhase;
			buildActionMask = 2147483647;
			dstPath = /usr/share/man/man1/;
			dstSubfolderSpec = 0;
			files = (
			);
			runOnlyForDeploymentPostprocessing = 1;
		};
/* End PBXCopyFilesBuildPhase section */

/* Begin PBXFileReference section */
		BC9D77591C6E9ADC0045AD06 /* Banking Applicatioon */ = {isa = PBXFileReference; explicitFileType = "compiled.mach-o.executable"; includeInIndex = 0; path = "Banking Applicatioon"; sourceTree = BUILT_PRODUCTS_DIR; };
		BC9D775C1C6E9ADC0045AD06 /* main.m */ = {isa = PBXFileReference; lastKnownFileType = sourcecode.c.objc; path = main.m; sourceTree = "<group>"; };
		BC9D77631C6E9AF40045AD06 /* Customer.h */ = {isa = PBXFileReference; fileEncoding = 4; lastKnownFileType = sourcecode.c.h; path = Customer.h; sourceTree = "<group>"; };
		BC9D77641C6E9AF40045AD06 /* Customer.m */ = {isa = PBXFileReference; fileEncoding = 4; lastKnownFileType = sourcecode.c.objc; path = Customer.m; sourceTree = "<group>"; };
		BC9D77681C6EC4430045AD06 /* Account.h */ = {isa = PBXFileReference; fileEncoding = 4; lastKnownFileType = sourcecode.c.h; path = Account.h; sourceTree = "<group>"; };
		BC9D77691C6EC4430045AD06 /* Account.m */ = {isa = PBXFileReference; fileEncoding = 4; lastKnownFileType = sourcecode.c.objc; path = Account.m; sourceTree = "<group>"; };
/* End PBXFileReference section */

/* Begin PBXFrameworksBuildPhase section */
		BC9D77561C6E9ADC0045AD06 /* Frameworks */ = {
			isa = PBXFrameworksBuildPhase;
			buildActionMask = 2147483647;
			files = (
			);
			runOnlyForDeploymentPostprocessing = 0;
		};
/* End PBXFrameworksBuildPhase section */

/* Begin PBXGroup section */
		BC9D77501C6E9ADC0045AD06 = {
			isa = PBXGroup;
			children = (
				BC9D775B1C6E9ADC0045AD06 /* Banking Applicatioon */,
				BC9D775A1C6E9ADC0045AD06 /* Products */,
			);
			sourceTree = "<group>";
		};
		BC9D775A1C6E9ADC0045AD06 /* Products */ = {
			isa = PBXGroup;
			children = (
				BC9D77591C6E9ADC0045AD06 /* Banking Applicatioon */,
			);
			name = Products;
			sourceTree = "<group>";
		};
		BC9D775B1C6E9ADC0045AD06 /* Banking Applicatioon */ = {
			isa = PBXGroup;
			children = (
				BC9D775C1C6E9ADC0045AD06 /* main.m */,
				BC9D77681C6EC4430045AD06 /* Account.h */,
				BC9D77691C6EC4430045AD06 /* Account.m */,
				BC9D77631C6E9AF40045AD06 /* Customer.h */,
				BC9D77641C6E9AF40045AD06 /* Customer.m */,
			);
			path = "Banking Applicatioon";
			sourceTree = "<group>";
		};
/* End PBXGroup section */

/* Begin PBXNativeTarget section */
		BC9D77581C6E9ADC0045AD06 /* Banking Applicatioon */ = {
			isa = PBXNativeTarget;
			buildConfigurationList = BC9D77601C6E9ADC0045AD06 /* Build configuration list for PBXNativeTarget "Banking Applicatioon" */;
			buildPhases = (
				BC9D77551C6E9ADC0045AD06 /* Sources */,
				BC9D77561C6E9ADC0045AD06 /* Frameworks */,
				BC9D77571C6E9ADC0045AD06 /* CopyFiles */,
			);
			buildRules = (
			);
			dependencies = (
			);
			name = "Banking Applicatioon";
			productName = "Banking Applicatioon";
			productReference = BC9D77591C6E9ADC0045AD06 /* Banking Applicatioon */;
			productType = "com.apple.product-type.tool";
		};
/* End PBXNativeTarget section */

/* Begin PBXProject section */
		BC9D77511C6E9ADC0045AD06 /* Project object */ = {
			isa = PBXProject;
			attributes = {
				LastUpgradeCheck = 0720;
				ORGANIZATIONNAME = "Hari Panjwani";
				TargetAttributes = {
					BC9D77581C6E9ADC0045AD06 = {
						CreatedOnToolsVersion = 7.2.1;
					};
				};
			};
			buildConfigurationList = BC9D77541C6E9ADC0045AD06 /* Build configuration list for PBXProject "Banking Applicatioon" */;
			compatibilityVersion = "Xcode 3.2";
			developmentRegion = English;
			hasScannedForEncodings = 0;
			knownRegions = (
				en,
			);
			mainGroup = BC9D77501C6E9ADC0045AD06;
			productRefGroup = BC9D775A1C6E9ADC0045AD06 /* Products */;
			projectDirPath = "";
			projectRoot = "";
			targets = (
				BC9D77581C6E9ADC0045AD06 /* Banking Applicatioon */,
			);
		};
/* End PBXProject section */

/* Begin PBXSourcesBuildPhase section */
		BC9D77551C6E9ADC0045AD06 /* Sources */ = {
			isa = PBXSourcesBuildPhase;
			buildActionMask = 2147483647;
			files = (
				BC9D776A1C6EC4430045AD06 /* Account.m in Sources */,
				BC9D775D1C6E9ADC0045AD06 /* main.m in Sources */,
				BC9D77651C6E9AF40045AD06 /* Customer.m in Sources */,
			);
			runOnlyForDeploymentPostprocessing = 0;
		};
/* End PBXSourcesBuildPhase section */

/* Begin XCBuildConfiguration section */
		BC9D775E1C6E9ADC0045AD06 /* Debug */ = {
			isa = XCBuildConfiguration;
			buildSettings = {
				ALWAYS_SEARCH_USER_PATHS = NO;
				CLANG_CXX_LANGUAGE_STANDARD = "gnu++0x";
				CLANG_CXX_LIBRARY = "libc++";
				CLANG_ENABLE_MODULES = YES;
				CLANG_ENABLE_OBJC_ARC = YES;
				CLANG_WARN_BOOL_CONVERSION = YES;
				CLANG_WARN_CONSTANT_CONVERSION = YES;
				CLANG_WARN_DIRECT_OBJC_ISA_USAGE = YES_ERROR;
				CLANG_WARN_EMPTY_BODY = YES;
				CLANG_WARN_ENUM_CONVERSION = YES;
				CLANG_WARN_INT_CONVERSION = YES;
				CLANG_WARN_OBJC_ROOT_CLASS = YES_ERROR;
				CLANG_WARN_UNREACHABLE_CODE = YES;
				CLANG_WARN__DUPLICATE_METHOD_MATCH = YES;
				CODE_SIGN_IDENTITY = "-";
				COPY_PHASE_STRIP = NO;
				DEBUG_INFORMATION_FORMAT = dwarf;
				ENABLE_STRICT_OBJC_MSGSEND = YES;
				ENABLE_TESTABILITY = YES;
				GCC_C_LANGUAGE_STANDARD = gnu99;
				GCC_DYNAMIC_NO_PIC = NO;
				GCC_NO_COMMON_BLOCKS = YES;
				GCC_OPTIMIZATION_LEVEL = 0;
				GCC_PREPROCESSOR_DEFINITIONS = (
					"DEBUG=1",
					"$(inherited)",
				);
				GCC_WARN_64_TO_32_BIT_CONVERSION = YES;
				GCC_WARN_ABOUT_RETURN_TYPE = YES_ERROR;
				GCC_WARN_UNDECLARED_SELECTOR = YES;
				GCC_WARN_UNINITIALIZED_AUTOS = YES_AGGRESSIVE;
				GCC_WARN_UNUSED_FUNCTION = YES;
				GCC_WARN_UNUSED_VARIABLE = YES;
				MACOSX_DEPLOYMENT_TARGET = 10.11;
				MTL_ENABLE_DEBUG_INFO = YES;
				ONLY_ACTIVE_ARCH = YES;
				SDKROOT = macosx;
			};
			name = Debug;
		};
		BC9D775F1C6E9ADC0045AD06 /* Release */ = {
			isa = XCBuildConfiguration;
			buildSettings = {
				ALWAYS_SEARCH_USER_PATHS = NO;
				CLANG_CXX_LANGUAGE_STANDARD = "gnu++0x";
				CLANG_CXX_LIBRARY = "libc++";
				CLANG_ENABLE_MODULES = YES;
				CLANG_ENABLE_OBJC_ARC = YES;
				CLANG_WARN_BOOL_CONVERSION = YES;
				CLANG_WARN_CONSTANT_CONVERSION = YES;
				CLANG_WARN_DIRECT_OBJC_ISA_USAGE = YES_ERROR;
				CLANG_WARN_EMPTY_BODY = YES;
				CLANG_WARN_ENUM_CONVERSION = YES;
				CLANG_WARN_INT_CONVERSION = YES;
				CLANG_WARN_OBJC_ROOT_CLASS = YES_ERROR;
				CLANG_WARN_UNREACHABLE_CODE = YES;
				CLANG_WARN__DUPLICATE_METHOD_MATCH = YES;
				CODE_SIGN_IDENTITY = "-";
				COPY_PHASE_STRIP = NO;
				DEBUG_INFORMATION_FORMAT = "dwarf-with-dsym";
				ENABLE_NS_ASSERTIONS = NO;
				ENABLE_STRICT_OBJC_MSGSEND = YES;
				GCC_C_LANGUAGE_STANDARD = gnu99;
				GCC_NO_COMMON_BLOCKS = YES;
				GCC_WARN_64_TO_32_BIT_CONVERSION = YES;
				GCC_WARN_ABOUT_RETURN_TYPE = YES_ERROR;
				GCC_WARN_UNDECLARED_SELECTOR = YES;
				GCC_WARN_UNINITIALIZED_AUTOS = YES_AGGRESSIVE;
				GCC_WARN_UNUSED_FUNCTION = YES;
				GCC_WARN_UNUSED_VARIABLE = YES;
				MACOSX_DEPLOYMENT_TARGET = 10.11;
				MTL_ENABLE_DEBUG_INFO = NO;
				SDKROOT = macosx;
			};
			name = Release;
		};
		BC9D77611C6E9ADC0045AD06 /* Debug */ = {
			isa = XCBuildConfiguration;
			buildSettings = {
				PRODUCT_NAME = "$(TARGET_NAME)";
			};
			name = Debug;
		};
		BC9D77621C6E9ADC0045AD06 /* Release */ = {
			isa = XCBuildConfiguration;
			buildSettings = {
				PRODUCT_NAME = "$(TARGET_NAME)";
			};
			name = Release;
		};
/* End XCBuildConfiguration section */

/* Begin XCConfigurationList section */
		BC9D77541C6E9ADC0045AD06 /* Build configuration list for PBXProject "Banking Applicatioon" */ = {
			isa = XCConfigurationList;
			buildConfigurations = (
				BC9D775E1C6E9ADC0045AD06 /* Debug */,
				BC9D775F1C6E9ADC0045AD06 /* Release */,
			);
			defaultConfigurationIsVisible = 0;
			defaultConfigurationName = Release;
		};
		BC9D77601C6E9ADC0045AD06 /* Build configuration list for PBXNativeTarget "Banking Applicatioon" */ = {
			isa = XCConfigurationList;
			buildConfigurations = (
				BC9D77611C6E9ADC0045AD06 /* Debug */,
				BC9D77621C6E9ADC0045AD06 /* Release */,
			);
			defaultConfigurationIsVisible = 0;
			defaultConfigurationName = Release;
		};
/* End XCConfigurationList section */
	};
	rootObject = BC9D77511C6E9ADC0045AD06 /* Project object */;
}
